{
  "requires": true,
  "lockfileVersion": 1,
  "dependencies": {
    "bc": {
      "version": "0.1.1",
      "resolved": "https://registry.npmmirror.com/bc/-/bc-0.1.1.tgz",
      "integrity": "sha512-0KNkEOjFxV0P3nwVl3sECcbDAQhixgX/U3rbjNRbFLnD5Qa/GcfxlDyATKfYC3eKMP1XMppVjlXMO5LQI3Dl8A=="
    }
  }
}
